// !$*UTF8*$!
{
	archiveVersion = 1;
	classes = {
	};
	objectVersion = 56;
	objects = {

/* Begin PBXBuildFile section */
		5F834C7E2AC7827A003DD1E9 /* navigation.swift in Sources */ = {isa = PBXBuildFile; fileRef = 5F834C7D2AC7827A003DD1E9 /* navigation.swift */; };
		5FFF0DEB2AC0C89D007CA73D /* ThodApp.swift in Sources */ = {isa = PBXBuildFile; fileRef = 5FFF0DEA2AC0C89D007CA73D /* ThodApp.swift */; };
		5FFF0DED2AC0C89D007CA73D /* AuthView.swift in Sources */ = {isa = PBXBuildFile; fileRef = 5FFF0DEC2AC0C89D007CA73D /* AuthView.swift */; };
		5FFF0DF12AC0C89E007CA73D /* Assets.xcassets in Resources */ = {isa = PBXBuildFile; fileRef = 5FFF0DF02AC0C89E007CA73D /* Assets.xcassets */; };
		5FFF0DF42AC0C89E007CA73D /* Preview Assets.xcassets in Resources */ = {isa = PBXBuildFile; fileRef = 5FFF0DF32AC0C89E007CA73D /* Preview Assets.xcassets */; };
		5FFF0E002AC0C89E007CA73D /* ThodTests.swift in Sources */ = {isa = PBXBuildFile; fileRef = 5FFF0DFF2AC0C89E007CA73D /* ThodTests.swift */; };
		5FFF0E0A2AC0C89E007CA73D /* ThodUITests.swift in Sources */ = {isa = PBXBuildFile; fileRef = 5FFF0E092AC0C89E007CA73D /* ThodUITests.swift */; };
		5FFF0E0C2AC0C89E007CA73D /* ThodUITestsLaunchTests.swift in Sources */ = {isa = PBXBuildFile; fileRef = 5FFF0E0B2AC0C89E007CA73D /* ThodUITestsLaunchTests.swift */; };
		5FFF0E1A2AC0D333007CA73D /* Supabase in Frameworks */ = {isa = PBXBuildFile; productRef = 5FFF0E192AC0D333007CA73D /* Supabase */; };
		5FFF0E202AC0D73F007CA73D /* RootView.swift in Sources */ = {isa = PBXBuildFile; fileRef = 5FFF0E1F2AC0D73F007CA73D /* RootView.swift */; };
		5FFF0E222AC0D7DC007CA73D /* HomeView.swift in Sources */ = {isa = PBXBuildFile; fileRef = 5FFF0E212AC0D7DC007CA73D /* HomeView.swift */; };
		5FFF0E242AC0DC26007CA73D /* EmailAuthView.swift in Sources */ = {isa = PBXBuildFile; fileRef = 5FFF0E232AC0DC26007CA73D /* EmailAuthView.swift */; };
/* End PBXBuildFile section */

/* Begin PBXContainerItemProxy section */
		5FFF0DFC2AC0C89E007CA73D /* PBXContainerItemProxy */ = {
			isa = PBXContainerItemProxy;
			containerPortal = 5FFF0DDF2AC0C89D007CA73D /* Project object */;
			proxyType = 1;
			remoteGlobalIDString = 5FFF0DE62AC0C89D007CA73D;
			remoteInfo = Thod;
		};
		5FFF0E062AC0C89E007CA73D /* PBXContainerItemProxy */ = {
			isa = PBXContainerItemProxy;
			containerPortal = 5FFF0DDF2AC0C89D007CA73D /* Project object */;
			proxyType = 1;
			remoteGlobalIDString = 5FFF0DE62AC0C89D007CA73D;
			remoteInfo = Thod;
		};
/* End PBXContainerItemProxy section */

/* Begin PBXFileReference section */
		5F834C7D2AC7827A003DD1E9 /* navigation.swift */ = {isa = PBXFileReference; lastKnownFileType = sourcecode.swift; path = navigation.swift; sourceTree = "<group>"; };
		5FFF0DE72AC0C89D007CA73D /* Thod.app */ = {isa = PBXFileReference; explicitFileType = wrapper.application; includeInIndex = 0; path = Thod.app; sourceTree = BUILT_PRODUCTS_DIR; };
		5FFF0DEA2AC0C89D007CA73D /* ThodApp.swift */ = {isa = PBXFileReference; lastKnownFileType = sourcecode.swift; path = ThodApp.swift; sourceTree = "<group>"; };
		5FFF0DEC2AC0C89D007CA73D /* AuthView.swift */ = {isa = PBXFileReference; lastKnownFileType = sourcecode.swift; path = AuthView.swift; sourceTree = "<group>"; };
		5FFF0DF02AC0C89E007CA73D /* Assets.xcassets */ = {isa = PBXFileReference; lastKnownFileType = folder.assetcatalog; path = Assets.xcassets; sourceTree = "<group>"; };
		5FFF0DF32AC0C89E007CA73D /* Preview Assets.xcassets */ = {isa = PBXFileReference; lastKnownFileType = folder.assetcatalog; path = "Preview Assets.xcassets"; sourceTree = "<group>"; };
		5FFF0DF52AC0C89E007CA73D /* Thod.entitlements */ = {isa = PBXFileReference; lastKnownFileType = text.plist.entitlements; path = Thod.entitlements; sourceTree = "<group>"; };
		5FFF0DF62AC0C89E007CA73D /* Info.plist */ = {isa = PBXFileReference; lastKnownFileType = text.plist.xml; path = Info.plist; sourceTree = "<group>"; };
		5FFF0DFB2AC0C89E007CA73D /* ThodTests.xctest */ = {isa = PBXFileReference; explicitFileType = wrapper.cfbundle; includeInIndex = 0; path = ThodTests.xctest; sourceTree = BUILT_PRODUCTS_DIR; };
		5FFF0DFF2AC0C89E007CA73D /* ThodTests.swift */ = {isa = PBXFileReference; lastKnownFileType = sourcecode.swift; path = ThodTests.swift; sourceTree = "<group>"; };
		5FFF0E052AC0C89E007CA73D /* ThodUITests.xctest */ = {isa = PBXFileReference; explicitFileType = wrapper.cfbundle; includeInIndex = 0; path = ThodUITests.xctest; sourceTree = BUILT_PRODUCTS_DIR; };
		5FFF0E092AC0C89E007CA73D /* ThodUITests.swift */ = {isa = PBXFileReference; lastKnownFileType = sourcecode.swift; path = ThodUITests.swift; sourceTree = "<group>"; };
		5FFF0E0B2AC0C89E007CA73D /* ThodUITestsLaunchTests.swift */ = {isa = PBXFileReference; lastKnownFileType = sourcecode.swift; path = ThodUITestsLaunchTests.swift; sourceTree = "<group>"; };
		5FFF0E1F2AC0D73F007CA73D /* RootView.swift */ = {isa = PBXFileReference; lastKnownFileType = sourcecode.swift; path = RootView.swift; sourceTree = "<group>"; };
		5FFF0E212AC0D7DC007CA73D /* HomeView.swift */ = {isa = PBXFileReference; lastKnownFileType = sourcecode.swift; path = HomeView.swift; sourceTree = "<group>"; };
		5FFF0E232AC0DC26007CA73D /* EmailAuthView.swift */ = {isa = PBXFileReference; lastKnownFileType = sourcecode.swift; path = EmailAuthView.swift; sourceTree = "<group>"; };
/* End PBXFileReference section */

/* Begin PBXFrameworksBuildPhase section */
		5FFF0DE42AC0C89D007CA73D /* Frameworks */ = {
			isa = PBXFrameworksBuildPhase;
			buildActionMask = 2147483647;
			files = (
				5FFF0E1A2AC0D333007CA73D /* Supabase in Frameworks */,
			);
			runOnlyForDeploymentPostprocessing = 0;
		};
		5FFF0DF82AC0C89E007CA73D /* Frameworks */ = {
			isa = PBXFrameworksBuildPhase;
			buildActionMask = 2147483647;
			files = (
			);
			runOnlyForDeploymentPostprocessing = 0;
		};
		5FFF0E022AC0C89E007CA73D /* Frameworks */ = {
			isa = PBXFrameworksBuildPhase;
			buildActionMask = 2147483647;
			files = (
			);
			runOnlyForDeploymentPostprocessing = 0;
		};
/* End PBXFrameworksBuildPhase section */

/* Begin PBXGroup section */
		5FFF0DDE2AC0C89D007CA73D = {
			isa = PBXGroup;
			children = (
				5FFF0DE92AC0C89D007CA73D /* Thod */,
				5FFF0DFE2AC0C89E007CA73D /* ThodTests */,
				5FFF0E082AC0C89E007CA73D /* ThodUITests */,
				5FFF0DE82AC0C89D007CA73D /* Products */,
			);
			sourceTree = "<group>";
		};
		5FFF0DE82AC0C89D007CA73D /* Products */ = {
			isa = PBXGroup;
			children = (
				5FFF0DE72AC0C89D007CA73D /* Thod.app */,
				5FFF0DFB2AC0C89E007CA73D /* ThodTests.xctest */,
				5FFF0E052AC0C89E007CA73D /* ThodUITests.xctest */,
			);
			name = Products;
			sourceTree = "<group>";
		};
		5FFF0DE92AC0C89D007CA73D /* Thod */ = {
			isa = PBXGroup;
			children = (
				5FFF0DEA2AC0C89D007CA73D /* ThodApp.swift */,
				5FFF0E1F2AC0D73F007CA73D /* RootView.swift */,
				5FFF0E212AC0D7DC007CA73D /* HomeView.swift */,
				5FFF0DEC2AC0C89D007CA73D /* AuthView.swift */,
				5FFF0E232AC0DC26007CA73D /* EmailAuthView.swift */,
				5F834C7D2AC7827A003DD1E9 /* navigation.swift */,
				5FFF0DF02AC0C89E007CA73D /* Assets.xcassets */,
				5FFF0DF52AC0C89E007CA73D /* Thod.entitlements */,
				5FFF0DF62AC0C89E007CA73D /* Info.plist */,
				5FFF0DF22AC0C89E007CA73D /* Preview Content */,
			);
			path = Thod;
			sourceTree = "<group>";
		};
		5FFF0DF22AC0C89E007CA73D /* Preview Content */ = {
			isa = PBXGroup;
			children = (
				5FFF0DF32AC0C89E007CA73D /* Preview Assets.xcassets */,
			);
			path = "Preview Content";
			sourceTree = "<group>";
		};
		5FFF0DFE2AC0C89E007CA73D /* ThodTests */ = {
			isa = PBXGroup;
			children = (
				5FFF0DFF2AC0C89E007CA73D /* ThodTests.swift */,
			);
			path = ThodTests;
			sourceTree = "<group>";
		};
		5FFF0E082AC0C89E007CA73D /* ThodUITests */ = {
			isa = PBXGroup;
			children = (
				5FFF0E092AC0C89E007CA73D /* ThodUITests.swift */,
				5FFF0E0B2AC0C89E007CA73D /* ThodUITestsLaunchTests.swift */,
			);
			path = ThodUITests;
			sourceTree = "<group>";
		};
/* End PBXGroup section */

/* Begin PBXNativeTarget section */
		5FFF0DE62AC0C89D007CA73D /* Thod */ = {
			isa = PBXNativeTarget;
			buildConfigurationList = 5FFF0E0F2AC0C89E007CA73D /* Build configuration list for PBXNativeTarget "Thod" */;
			buildPhases = (
				5FFF0DE32AC0C89D007CA73D /* Sources */,
				5FFF0DE42AC0C89D007CA73D /* Frameworks */,
				5FFF0DE52AC0C89D007CA73D /* Resources */,
			);
			buildRules = (
			);
			dependencies = (
			);
			name = Thod;
			packageProductDependencies = (
				5FFF0E192AC0D333007CA73D /* Supabase */,
			);
			productName = Thod;
			productReference = 5FFF0DE72AC0C89D007CA73D /* Thod.app */;
			productType = "com.apple.product-type.application";
		};
		5FFF0DFA2AC0C89E007CA73D /* ThodTests */ = {
			isa = PBXNativeTarget;
			buildConfigurationList = 5FFF0E122AC0C89E007CA73D /* Build configuration list for PBXNativeTarget "ThodTests" */;
			buildPhases = (
				5FFF0DF72AC0C89E007CA73D /* Sources */,
				5FFF0DF82AC0C89E007CA73D /* Frameworks */,
				5FFF0DF92AC0C89E007CA73D /* Resources */,
			);
			buildRules = (
			);
			dependencies = (
				5FFF0DFD2AC0C89E007CA73D /* PBXTargetDependency */,
			);
			name = ThodTests;
			productName = ThodTests;
			productReference = 5FFF0DFB2AC0C89E007CA73D /* ThodTests.xctest */;
			productType = "com.apple.product-type.bundle.unit-test";
		};
		5FFF0E042AC0C89E007CA73D /* ThodUITests */ = {
			isa = PBXNativeTarget;
			buildConfigurationList = 5FFF0E152AC0C89E007CA73D /* Build configuration list for PBXNativeTarget "ThodUITests" */;
			buildPhases = (
				5FFF0E012AC0C89E007CA73D /* Sources */,
				5FFF0E022AC0C89E007CA73D /* Frameworks */,
				5FFF0E032AC0C89E007CA73D /* Resources */,
			);
			buildRules = (
			);
			dependencies = (
				5FFF0E072AC0C89E007CA73D /* PBXTargetDependency */,
			);
			name = ThodUITests;
			productName = ThodUITests;
			productReference = 5FFF0E052AC0C89E007CA73D /* ThodUITests.xctest */;
			productType = "com.apple.product-type.bundle.ui-testing";
		};
/* End PBXNativeTarget section */

/* Begin PBXProject section */
		5FFF0DDF2AC0C89D007CA73D /* Project object */ = {
			isa = PBXProject;
			attributes = {
				BuildIndependentTargetsInParallel = 1;
				LastSwiftUpdateCheck = 1500;
				LastUpgradeCheck = 1500;
				TargetAttributes = {
					5FFF0DE62AC0C89D007CA73D = {
						CreatedOnToolsVersion = 15.0;
					};
					5FFF0DFA2AC0C89E007CA73D = {
						CreatedOnToolsVersion = 15.0;
						TestTargetID = 5FFF0DE62AC0C89D007CA73D;
					};
					5FFF0E042AC0C89E007CA73D = {
						CreatedOnToolsVersion = 15.0;
						TestTargetID = 5FFF0DE62AC0C89D007CA73D;
					};
				};
			};
			buildConfigurationList = 5FFF0DE22AC0C89D007CA73D /* Build configuration list for PBXProject "Thod" */;
			compatibilityVersion = "Xcode 14.0";
			developmentRegion = en;
			hasScannedForEncodings = 0;
			knownRegions = (
				en,
				Base,
			);
			mainGroup = 5FFF0DDE2AC0C89D007CA73D;
			packageReferences = (
				5FFF0E182AC0D333007CA73D /* XCRemoteSwiftPackageReference "supabase-swift" */,
			);
			productRefGroup = 5FFF0DE82AC0C89D007CA73D /* Products */;
			projectDirPath = "";
			projectRoot = "";
			targets = (
				5FFF0DE62AC0C89D007CA73D /* Thod */,
				5FFF0DFA2AC0C89E007CA73D /* ThodTests */,
				5FFF0E042AC0C89E007CA73D /* ThodUITests */,
			);
		};
/* End PBXProject section */

/* Begin PBXResourcesBuildPhase section */
		5FFF0DE52AC0C89D007CA73D /* Resources */ = {
			isa = PBXResourcesBuildPhase;
			buildActionMask = 2147483647;
			files = (
				5FFF0DF42AC0C89E007CA73D /* Preview Assets.xcassets in Resources */,
				5FFF0DF12AC0C89E007CA73D /* Assets.xcassets in Resources */,
			);
			runOnlyForDeploymentPostprocessing = 0;
		};
		5FFF0DF92AC0C89E007CA73D /* Resources */ = {
			isa = PBXResourcesBuildPhase;
			buildActionMask = 2147483647;
			files = (
			);
			runOnlyForDeploymentPostprocessing = 0;
		};
		5FFF0E032AC0C89E007CA73D /* Resources */ = {
			isa = PBXResourcesBuildPhase;
			buildActionMask = 2147483647;
			files = (
			);
			runOnlyForDeploymentPostprocessing = 0;
		};
/* End PBXResourcesBuildPhase section */

/* Begin PBXSourcesBuildPhase section */
		5FFF0DE32AC0C89D007CA73D /* Sources */ = {
			isa = PBXSourcesBuildPhase;
			buildActionMask = 2147483647;
			files = (
				5FFF0E242AC0DC26007CA73D /* EmailAuthView.swift in Sources */,
				5F834C7E2AC7827A003DD1E9 /* navigation.swift in Sources */,
				5FFF0DED2AC0C89D007CA73D /* AuthView.swift in Sources */,
				5FFF0E222AC0D7DC007CA73D /* HomeView.swift in Sources */,
				5FFF0DEB2AC0C89D007CA73D /* ThodApp.swift in Sources */,
				5FFF0E202AC0D73F007CA73D /* RootView.swift in Sources */,
			);
			runOnlyForDeploymentPostprocessing = 0;
		};
		5FFF0DF72AC0C89E007CA73D /* Sources */ = {
			isa = PBXSourcesBuildPhase;
			buildActionMask = 2147483647;
			files = (
				5FFF0E002AC0C89E007CA73D /* ThodTests.swift in Sources */,
			);
			runOnlyForDeploymentPostprocessing = 0;
		};
		5FFF0E012AC0C89E007CA73D /* Sources */ = {
			isa = PBXSourcesBuildPhase;
			buildActionMask = 2147483647;
			files = (
				5FFF0E0A2AC0C89E007CA73D /* ThodUITests.swift in Sources */,
				5FFF0E0C2AC0C89E007CA73D /* ThodUITestsLaunchTests.swift in Sources */,
			);
			runOnlyForDeploymentPostprocessing = 0;
		};
/* End PBXSourcesBuildPhase section */

/* Begin PBXTargetDependency section */
		5FFF0DFD2AC0C89E007CA73D /* PBXTargetDependency */ = {
			isa = PBXTargetDependency;
			target = 5FFF0DE62AC0C89D007CA73D /* Thod */;
			targetProxy = 5FFF0DFC2AC0C89E007CA73D /* PBXContainerItemProxy */;
		};
		5FFF0E072AC0C89E007CA73D /* PBXTargetDependency */ = {
			isa = PBXTargetDependency;
			target = 5FFF0DE62AC0C89D007CA73D /* Thod */;
			targetProxy = 5FFF0E062AC0C89E007CA73D /* PBXContainerItemProxy */;
		};
/* End PBXTargetDependency section */

/* Begin XCBuildConfiguration section */
		5FFF0E0D2AC0C89E007CA73D /* Debug */ = {
			isa = XCBuildConfiguration;
			buildSettings = {
				ALWAYS_SEARCH_USER_PATHS = NO;
				ASSETCATALOG_COMPILER_GENERATE_SWIFT_ASSET_SYMBOL_EXTENSIONS = YES;
				CLANG_ANALYZER_NONNULL = YES;
				CLANG_ANALYZER_NUMBER_OBJECT_CONVERSION = YES_AGGRESSIVE;
				CLANG_CXX_LANGUAGE_STANDARD = "gnu++20";
				CLANG_ENABLE_MODULES = YES;
				CLANG_ENABLE_OBJC_ARC = YES;
				CLANG_ENABLE_OBJC_WEAK = YES;
				CLANG_WARN_BLOCK_CAPTURE_AUTORELEASING = YES;
				CLANG_WARN_BOOL_CONVERSION = YES;
				CLANG_WARN_COMMA = YES;
				CLANG_WARN_CONSTANT_CONVERSION = YES;
				CLANG_WARN_DEPRECATED_OBJC_IMPLEMENTATIONS = YES;
				CLANG_WARN_DIRECT_OBJC_ISA_USAGE = YES_ERROR;
				CLANG_WARN_DOCUMENTATION_COMMENTS = YES;
				CLANG_WARN_EMPTY_BODY = YES;
				CLANG_WARN_ENUM_CONVERSION = YES;
				CLANG_WARN_INFINITE_RECURSION = YES;
				CLANG_WARN_INT_CONVERSION = YES;
				CLANG_WARN_NON_LITERAL_NULL_CONVERSION = YES;
				CLANG_WARN_OBJC_IMPLICIT_RETAIN_SELF = YES;
				CLANG_WARN_OBJC_LITERAL_CONVERSION = YES;
				CLANG_WARN_OBJC_ROOT_CLASS = YES_ERROR;
				CLANG_WARN_QUOTED_INCLUDE_IN_FRAMEWORK_HEADER = YES;
				CLANG_WARN_RANGE_LOOP_ANALYSIS = YES;
				CLANG_WARN_STRICT_PROTOTYPES = YES;
				CLANG_WARN_SUSPICIOUS_MOVE = YES;
				CLANG_WARN_UNGUARDED_AVAILABILITY = YES_AGGRESSIVE;
				CLANG_WARN_UNREACHABLE_CODE = YES;
				CLANG_WARN__DUPLICATE_METHOD_MATCH = YES;
				COPY_PHASE_STRIP = NO;
				DEBUG_INFORMATION_FORMAT = dwarf;
				ENABLE_STRICT_OBJC_MSGSEND = YES;
				ENABLE_TESTABILITY = YES;
				ENABLE_USER_SCRIPT_SANDBOXING = YES;
				GCC_C_LANGUAGE_STANDARD = gnu17;
				GCC_DYNAMIC_NO_PIC = NO;
				GCC_NO_COMMON_BLOCKS = YES;
				GCC_OPTIMIZATION_LEVEL = 0;
				GCC_PREPROCESSOR_DEFINITIONS = (
					"DEBUG=1",
					"$(inherited)",
				);
				GCC_WARN_64_TO_32_BIT_CONVERSION = YES;
				GCC_WARN_ABOUT_RETURN_TYPE = YES_ERROR;
				GCC_WARN_UNDECLARED_SELECTOR = YES;
				GCC_WARN_UNINITIALIZED_AUTOS = YES_AGGRESSIVE;
				GCC_WARN_UNUSED_FUNCTION = YES;
				GCC_WARN_UNUSED_VARIABLE = YES;
				IPHONEOS_DEPLOYMENT_TARGET = 17.0;
				LOCALIZATION_PREFERS_STRING_CATALOGS = YES;
				MTL_ENABLE_DEBUG_INFO = INCLUDE_SOURCE;
				MTL_FAST_MATH = YES;
				ONLY_ACTIVE_ARCH = YES;
				SDKROOT = iphoneos;
				SWIFT_ACTIVE_COMPILATION_CONDITIONS = "DEBUG $(inherited)";
				SWIFT_OPTIMIZATION_LEVEL = "-Onone";
			};
			name = Debug;
		};
		5FFF0E0E2AC0C89E007CA73D /* Release */ = {
			isa = XCBuildConfiguration;
			buildSettings = {
				ALWAYS_SEARCH_USER_PATHS = NO;
				ASSETCATALOG_COMPILER_GENERATE_SWIFT_ASSET_SYMBOL_EXTENSIONS = YES;
				CLANG_ANALYZER_NONNULL = YES;
				CLANG_ANALYZER_NUMBER_OBJECT_CONVERSION = YES_AGGRESSIVE;
				CLANG_CXX_LANGUAGE_STANDARD = "gnu++20";
				CLANG_ENABLE_MODULES = YES;
				CLANG_ENABLE_OBJC_ARC = YES;
				CLANG_ENABLE_OBJC_WEAK = YES;
				CLANG_WARN_BLOCK_CAPTURE_AUTORELEASING = YES;
				CLANG_WARN_BOOL_CONVERSION = YES;
				CLANG_WARN_COMMA = YES;
				CLANG_WARN_CONSTANT_CONVERSION = YES;
				CLANG_WARN_DEPRECATED_OBJC_IMPLEMENTATIONS = YES;
				CLANG_WARN_DIRECT_OBJC_ISA_USAGE = YES_ERROR;
				CLANG_WARN_DOCUMENTATION_COMMENTS = YES;
				CLANG_WARN_EMPTY_BODY = YES;
				CLANG_WARN_ENUM_CONVERSION = YES;
				CLANG_WARN_INFINITE_RECURSION = YES;
				CLANG_WARN_INT_CONVERSION = YES;
				CLANG_WARN_NON_LITERAL_NULL_CONVERSION = YES;
				CLANG_WARN_OBJC_IMPLICIT_RETAIN_SELF = YES;
				CLANG_WARN_OBJC_LITERAL_CONVERSION = YES;
				CLANG_WARN_OBJC_ROOT_CLASS = YES_ERROR;
				CLANG_WARN_QUOTED_INCLUDE_IN_FRAMEWORK_HEADER = YES;
				CLANG_WARN_RANGE_LOOP_ANALYSIS = YES;
				CLANG_WARN_STRICT_PROTOTYPES = YES;
				CLANG_WARN_SUSPICIOUS_MOVE = YES;
				CLANG_WARN_UNGUARDED_AVAILABILITY = YES_AGGRESSIVE;
				CLANG_WARN_UNREACHABLE_CODE = YES;
				CLANG_WARN__DUPLICATE_METHOD_MATCH = YES;
				COPY_PHASE_STRIP = NO;
				DEBUG_INFORMATION_FORMAT = "dwarf-with-dsym";
				ENABLE_NS_ASSERTIONS = NO;
				ENABLE_STRICT_OBJC_MSGSEND = YES;
				ENABLE_USER_SCRIPT_SANDBOXING = YES;
				GCC_C_LANGUAGE_STANDARD = gnu17;
				GCC_NO_COMMON_BLOCKS = YES;
				GCC_WARN_64_TO_32_BIT_CONVERSION = YES;
				GCC_WARN_ABOUT_RETURN_TYPE = YES_ERROR;
				GCC_WARN_UNDECLARED_SELECTOR = YES;
				GCC_WARN_UNINITIALIZED_AUTOS = YES_AGGRESSIVE;
				GCC_WARN_UNUSED_FUNCTION = YES;
				GCC_WARN_UNUSED_VARIABLE = YES;
				IPHONEOS_DEPLOYMENT_TARGET = 17.0;
				LOCALIZATION_PREFERS_STRING_CATALOGS = YES;
				MTL_ENABLE_DEBUG_INFO = NO;
				MTL_FAST_MATH = YES;
				SDKROOT = iphoneos;
				SWIFT_COMPILATION_MODE = wholemodule;
				VALIDATE_PRODUCT = YES;
			};
			name = Release;
		};
		5FFF0E102AC0C89E007CA73D /* Debug */ = {
			isa = XCBuildConfiguration;
			buildSettings = {
				ASSETCATALOG_COMPILER_APPICON_NAME = AppIcon;
				ASSETCATALOG_COMPILER_GLOBAL_ACCENT_COLOR_NAME = AccentColor;
				CODE_SIGN_ENTITLEMENTS = Thod/Thod.entitlements;
				CODE_SIGN_STYLE = Automatic;
				CURRENT_PROJECT_VERSION = 1;
				DEVELOPMENT_ASSET_PATHS = "\"Thod/Preview Content\"";
				DEVELOPMENT_TEAM = N6UWARM62N;
				ENABLE_PREVIEWS = YES;
				GENERATE_INFOPLIST_FILE = YES;
				INFOPLIST_FILE = Thod/Info.plist;
				INFOPLIST_KEY_UIApplicationSceneManifest_Generation = YES;
				INFOPLIST_KEY_UIApplicationSupportsIndirectInputEvents = YES;
				INFOPLIST_KEY_UILaunchScreen_Generation = YES;
				INFOPLIST_KEY_UISupportedInterfaceOrientations_iPad = "UIInterfaceOrientationPortrait UIInterfaceOrientationPortraitUpsideDown UIInterfaceOrientationLandscapeLeft UIInterfaceOrientationLandscapeRight";
				INFOPLIST_KEY_UISupportedInterfaceOrientations_iPhone = "UIInterfaceOrientationPortrait UIInterfaceOrientationLandscapeLeft UIInterfaceOrientationLandscapeRight";
				LD_RUNPATH_SEARCH_PATHS = (
					"$(inherited)",
					"@executable_path/Frameworks",
				);
				MARKETING_VERSION = 1.0;
				PRODUCT_BUNDLE_IDENTIFIER = ashtyn.land.Thod;
				PRODUCT_NAME = "$(TARGET_NAME)";
				SWIFT_EMIT_LOC_STRINGS = YES;
				SWIFT_VERSION = 5.0;
				TARGETED_DEVICE_FAMILY = "1,2";
			};
			name = Debug;
		};
		5FFF0E112AC0C89E007CA73D /* Release */ = {
			isa = XCBuildConfiguration;
			buildSettings = {
				ASSETCATALOG_COMPILER_APPICON_NAME = AppIcon;
				ASSETCATALOG_COMPILER_GLOBAL_ACCENT_COLOR_NAME = AccentColor;
				CODE_SIGN_ENTITLEMENTS = Thod/Thod.entitlements;
				CODE_SIGN_STYLE = Automatic;
				CURRENT_PROJECT_VERSION = 1;
				DEVELOPMENT_ASSET_PATHS = "\"Thod/Preview Content\"";
				DEVELOPMENT_TEAM = N6UWARM62N;
				ENABLE_PREVIEWS = YES;
				GENERATE_INFOPLIST_FILE = YES;
				INFOPLIST_FILE = Thod/Info.plist;
				INFOPLIST_KEY_UIApplicationSceneManifest_Generation = YES;
				INFOPLIST_KEY_UIApplicationSupportsIndirectInputEvents = YES;
				INFOPLIST_KEY_UILaunchScreen_Generation = YES;
				INFOPLIST_KEY_UISupportedInterfaceOrientations_iPad = "UIInterfaceOrientationPortrait UIInterfaceOrientationPortraitUpsideDown UIInterfaceOrientationLandscapeLeft UIInterfaceOrientationLandscapeRight";
				INFOPLIST_KEY_UISupportedInterfaceOrientations_iPhone = "UIInterfaceOrientationPortrait UIInterfaceOrientationLandscapeLeft UIInterfaceOrientationLandscapeRight";
				LD_RUNPATH_SEARCH_PATHS = (
					"$(inherited)",
					"@executable_path/Frameworks",
				);
				MARKETING_VERSION = 1.0;
				PRODUCT_BUNDLE_IDENTIFIER = ashtyn.land.Thod;
				PRODUCT_NAME = "$(TARGET_NAME)";
				SWIFT_EMIT_LOC_STRINGS = YES;
				SWIFT_VERSION = 5.0;
				TARGETED_DEVICE_FAMILY = "1,2";
			};
			name = Release;
		};
		5FFF0E132AC0C89E007CA73D /* Debug */ = {
			isa = XCBuildConfiguration;
			buildSettings = {
				ALWAYS_EMBED_SWIFT_STANDARD_LIBRARIES = YES;
				BUNDLE_LOADER = "$(TEST_HOST)";
				CODE_SIGN_STYLE = Automatic;
				CURRENT_PROJECT_VERSION = 1;
				DEVELOPMENT_TEAM = N6UWARM62N;
				GENERATE_INFOPLIST_FILE = YES;
				IPHONEOS_DEPLOYMENT_TARGET = 17.0;
				MARKETING_VERSION = 1.0;
				PRODUCT_BUNDLE_IDENTIFIER = ashtyn.land.ThodTests;
				PRODUCT_NAME = "$(TARGET_NAME)";
				SWIFT_EMIT_LOC_STRINGS = NO;
				SWIFT_VERSION = 5.0;
				TARGETED_DEVICE_FAMILY = "1,2";
				TEST_HOST = "$(BUILT_PRODUCTS_DIR)/Thod.app/$(BUNDLE_EXECUTABLE_FOLDER_PATH)/Thod";
			};
			name = Debug;
		};
		5FFF0E142AC0C89E007CA73D /* Release */ = {
			isa = XCBuildConfiguration;
			buildSettings = {
				ALWAYS_EMBED_SWIFT_STANDARD_LIBRARIES = YES;
				BUNDLE_LOADER = "$(TEST_HOST)";
				CODE_SIGN_STYLE = Automatic;
				CURRENT_PROJECT_VERSION = 1;
				DEVELOPMENT_TEAM = N6UWARM62N;
				GENERATE_INFOPLIST_FILE = YES;
				IPHONEOS_DEPLOYMENT_TARGET = 17.0;
				MARKETING_VERSION = 1.0;
				PRODUCT_BUNDLE_IDENTIFIER = ashtyn.land.ThodTests;
				PRODUCT_NAME = "$(TARGET_NAME)";
				SWIFT_EMIT_LOC_STRINGS = NO;
				SWIFT_VERSION = 5.0;
				TARGETED_DEVICE_FAMILY = "1,2";
				TEST_HOST = "$(BUILT_PRODUCTS_DIR)/Thod.app/$(BUNDLE_EXECUTABLE_FOLDER_PATH)/Thod";
			};
			name = Release;
		};
		5FFF0E162AC0C89E007CA73D /* Debug */ = {
			isa = XCBuildConfiguration;
			buildSettings = {
				ALWAYS_EMBED_SWIFT_STANDARD_LIBRARIES = YES;
				CODE_SIGN_STYLE = Automatic;
				CURRENT_PROJECT_VERSION = 1;
				DEVELOPMENT_TEAM = N6UWARM62N;
				GENERATE_INFOPLIST_FILE = YES;
				MARKETING_VERSION = 1.0;
				PRODUCT_BUNDLE_IDENTIFIER = ashtyn.land.ThodUITests;
				PRODUCT_NAME = "$(TARGET_NAME)";
				SWIFT_EMIT_LOC_STRINGS = NO;
				SWIFT_VERSION = 5.0;
				TARGETED_DEVICE_FAMILY = "1,2";
				TEST_TARGET_NAME = Thod;
			};
			name = Debug;
		};
		5FFF0E172AC0C89E007CA73D /* Release */ = {
			isa = XCBuildConfiguration;
			buildSettings = {
				ALWAYS_EMBED_SWIFT_STANDARD_LIBRARIES = YES;
				CODE_SIGN_STYLE = Automatic;
				CURRENT_PROJECT_VERSION = 1;
				DEVELOPMENT_TEAM = N6UWARM62N;
				GENERATE_INFOPLIST_FILE = YES;
				MARKETING_VERSION = 1.0;
				PRODUCT_BUNDLE_IDENTIFIER = ashtyn.land.ThodUITests;
				PRODUCT_NAME = "$(TARGET_NAME)";
				SWIFT_EMIT_LOC_STRINGS = NO;
				SWIFT_VERSION = 5.0;
				TARGETED_DEVICE_FAMILY = "1,2";
				TEST_TARGET_NAME = Thod;
			};
			name = Release;
		};
/* End XCBuildConfiguration section */

/* Begin XCConfigurationList section */
		5FFF0DE22AC0C89D007CA73D /* Build configuration list for PBXProject "Thod" */ = {
			isa = XCConfigurationList;
			buildConfigurations = (
				5FFF0E0D2AC0C89E007CA73D /* Debug */,
				5FFF0E0E2AC0C89E007CA73D /* Release */,
			);
			defaultConfigurationIsVisible = 0;
			defaultConfigurationName = Release;
		};
		5FFF0E0F2AC0C89E007CA73D /* Build configuration list for PBXNativeTarget "Thod" */ = {
			isa = XCConfigurationList;
			buildConfigurations = (
				5FFF0E102AC0C89E007CA73D /* Debug */,
				5FFF0E112AC0C89E007CA73D /* Release */,
			);
			defaultConfigurationIsVisible = 0;
			defaultConfigurationName = Release;
		};
		5FFF0E122AC0C89E007CA73D /* Build configuration list for PBXNativeTarget "ThodTests" */ = {
			isa = XCConfigurationList;
			buildConfigurations = (
				5FFF0E132AC0C89E007CA73D /* Debug */,
				5FFF0E142AC0C89E007CA73D /* Release */,
			);
			defaultConfigurationIsVisible = 0;
			defaultConfigurationName = Release;
		};
		5FFF0E152AC0C89E007CA73D /* Build configuration list for PBXNativeTarget "ThodUITests" */ = {
			isa = XCConfigurationList;
			buildConfigurations = (
				5FFF0E162AC0C89E007CA73D /* Debug */,
				5FFF0E172AC0C89E007CA73D /* Release */,
			);
			defaultConfigurationIsVisible = 0;
			defaultConfigurationName = Release;
		};
/* End XCConfigurationList section */

/* Begin XCRemoteSwiftPackageReference section */
		5FFF0E182AC0D333007CA73D /* XCRemoteSwiftPackageReference "supabase-swift" */ = {
			isa = XCRemoteSwiftPackageReference;
			repositoryURL = "https://github.com/supabase/supabase-swift.git";
			requirement = {
				kind = upToNextMajorVersion;
				minimumVersion = 0.3.0;
			};
		};
/* End XCRemoteSwiftPackageReference section */

/* Begin XCSwiftPackageProductDependency section */
		5FFF0E192AC0D333007CA73D /* Supabase */ = {
			isa = XCSwiftPackageProductDependency;
			package = 5FFF0E182AC0D333007CA73D /* XCRemoteSwiftPackageReference "supabase-swift" */;
			productName = Supabase;
		};
/* End XCSwiftPackageProductDependency section */
	};
	rootObject = 5FFF0DDF2AC0C89D007CA73D /* Project object */;
}
